
Microsoft Visual Studio Solution File, Format Version 12.00
# Visual Studio 15
VisualStudioVersion = 15.0.27130.2026
MinimumVisualStudioVersion = 10.0.40219.1
Project("{FAE04EC0-301F-11D3-BF4B-00C04F79EFBC}") = "TestApplication1", "TestApplication1\TestApplication1.csproj", "{73E0E496-E2F9-4839-8C05-BF4D97753E4E}"
EndProject
Global
	GlobalSection(SolutionConfigurationPlatforms) = preSolution
		Debug|Any CPU = Debug|Any CPU
		Release|Any CPU = Release|Any CPU
	EndGlobalSection
	GlobalSection(ProjectConfigurationPlatforms) = postSolution
		{73E0E496-E2F9-4839-8C05-BF4D97753E4E}.Debug|Any CPU.ActiveCfg = Debug|Any CPU
		{73E0E496-E2F9-4839-8C05-BF4D97753E4E}.Debug|Any CPU.Build.0 = Debug|Any CPU
		{73E0E496-E2F9-4839-8C05-BF4D97753E4E}.Release|Any CPU.ActiveCfg = Release|Any CPU
		{73E0E496-E2F9-4839-8C05-BF4D97753E4E}.Release|Any CPU.Build.0 = Release|Any CPU
	EndGlobalSection
	GlobalSection(SolutionProperties) = preSolution
		HideSolutionNode = FALSE
	EndGlobalSection
	GlobalSection(ExtensibilityGlobals) = postSolution
		SolutionGuid = {E55A672F-3275-4D7E-90A0-27E75D4695A7}
	EndGlobalSection
EndGlobal
